<?xml version="1.0" encoding="utf-8"?>
<Project ToolsVersion="4.0" xmlns="http://schemas.microsoft.com/developer/msbuild/2003">
  <ItemGroup>
    <Filter Include="Source Files">
      <UniqueIdentifier>{4FC737F1-C7A5-4376-A066-2A32D752A2FF}</UniqueIdentifier>
      <Extensions>cpp;c;cc;cxx;def;odl;idl;hpj;bat;asm;asmx</Extensions>
    </Filter>
    <Filter Include="Header Files">
      <UniqueIdentifier>{93995380-89BD-4b04-88EB-625FBE52EBFB}</UniqueIdentifier>
      <Extensions>h;hh;hpp;hxx;hm;inl;inc;ipp;xsd</Extensions>
    </Filter>
    <Filter Include="Resource Files">
      <UniqueIdentifier>{67DA6AB6-F800-4c08-8B7A-83BB121AAD01}</UniqueIdentifier>
      <Extensions>rc;ico;cur;bmp;dlg;rc2;rct;bin;rgs;gif;jpg;jpeg;jpe;resx;tiff;tif;png;wav;mfcribbon-ms</Extensions>
    </Filter>
    <Filter Include="Source Files\RetDecUtils">
      <UniqueIdentifier>{32e70d5f-7732-4c36-b884-07d471d3bf39}</UniqueIdentifier>
    </Filter>
    <Filter Include="Source Files\RetDecConfig">
      <UniqueIdentifier>{a4a9ec92-9895-4373-a561-d49007a19a0c}</UniqueIdentifier>
    </Filter>
    <Filter Include="Source Files\JsonCpp">
      <UniqueIdentifier>{486df51e-f941-43fb-8d7a-0f99b0ca3b94}</UniqueIdentifier>
    </Filter>
    <Filter Include="Header Files\RetDecUtils">
      <UniqueIdentifier>{bd5739cf-5217-401a-b7f6-8bd0b271c09c}</UniqueIdentifier>
    </Filter>
    <Filter Include="Header Files\JsonCpp">
      <UniqueIdentifier>{97382ee7-003f-4887-8711-8589f4ec3e24}</UniqueIdentifier>
    </Filter>
    <Filter Include="Source Files\whereami">
      <UniqueIdentifier>{8e4dee5c-a0c4-47fd-a518-3b16b65620c3}</UniqueIdentifier>
    </Filter>
    <Filter Include="Source Files\Sleigh">
      <UniqueIdentifier>{f633b50a-1663-4e69-9dea-295a2d0c474b}</UniqueIdentifier>
    </Filter>
    <Filter Include="Header Files\Sleigh">
      <UniqueIdentifier>{b8ffc052-c3f9-4b4f-a193-5490fa57b664}</UniqueIdentifier>
    </Filter>
    <Filter Include="Source Files\Core">
      <UniqueIdentifier>{28ec370e-092e-49f4-9471-9b1c3f34b840}</UniqueIdentifier>
    </Filter>
    <Filter Include="Header Files\Core">
      <UniqueIdentifier>{aa4ddff2-eca2-4f30-8a2e-a7bb2b0a9758}</UniqueIdentifier>
    </Filter>
    <Filter Include="Source Files\LibSLA">
      <UniqueIdentifier>{e91732f8-89b3-4e2b-b39a-a4333c96d798}</UniqueIdentifier>
    </Filter>
    <Filter Include="Header Files\LibSLA">
      <UniqueIdentifier>{f4acc362-61e2-46bc-9bcf-90c642ec8d3a}</UniqueIdentifier>
    </Filter>
  </ItemGroup>
  <ItemGroup>
    <None Include="cpp.hint" />
    <None Include="jsoncpp\src\lib_json\json_valueiterator.inl">
      <Filter>Source Files\JsonCpp</Filter>
    </None>
  </ItemGroup>
  <ItemGroup>
    <ClInclude Include="framework.h">
      <Filter>Header Files</Filter>
    </ClInclude>
    <ClInclude Include="idaplugin.h">
      <Filter>Header Files</Filter>
    </ClInclude>
    <ClInclude Include="code_viewer.h">
      <Filter>Header Files</Filter>
    </ClInclude>
    <ClInclude Include="config_generator.h">
      <Filter>Header Files</Filter>
    </ClInclude>
    <ClInclude Include="decompiler.h">
      <Filter>Header Files</Filter>
    </ClInclude>
    <ClInclude Include="defs.h">
      <Filter>Header Files</Filter>
    </ClInclude>
    <ClInclude Include="plugin_config.h">
      <Filter>Header Files</Filter>
    </ClInclude>
    <ClInclude Include="retdec\src\utils\doxygen.h">
      <Filter>Header Files\RetDecUtils</Filter>
    </ClInclude>
    <ClInclude Include="decompile\sleigh.hh">
      <Filter>Header Files\Sleigh</Filter>
    </ClInclude>
    <ClInclude Include="decompile\pcodeparse.hh">
      <Filter>Header Files\Sleigh</Filter>
    </ClInclude>
    <ClInclude Include="decompile\pcodecompile.hh">
      <Filter>Header Files\Sleigh</Filter>
    </ClInclude>
    <ClInclude Include="decompile\sleighbase.hh">
      <Filter>Header Files\Sleigh</Filter>
    </ClInclude>
    <ClInclude Include="decompile\slghsymbol.hh">
      <Filter>Header Files\Sleigh</Filter>
    </ClInclude>
    <ClInclude Include="decompile\slghpatexpress.hh">
      <Filter>Header Files\Sleigh</Filter>
    </ClInclude>
    <ClInclude Include="decompile\slghpattern.hh">
      <Filter>Header Files\Sleigh</Filter>
    </ClInclude>
    <ClInclude Include="decompile\semantics.hh">
      <Filter>Header Files\Sleigh</Filter>
    </ClInclude>
    <ClInclude Include="decompile\context.hh">
      <Filter>Header Files\Sleigh</Filter>
    </ClInclude>
    <ClInclude Include="decompile\filemanage.hh">
      <Filter>Header Files\Sleigh</Filter>
    </ClInclude>
    <ClInclude Include="decompile\xml.tab.h">
      <Filter>Header Files\Core</Filter>
    </ClInclude>
    <ClInclude Include="decompile\xml.hh">
      <Filter>Header Files\Core</Filter>
    </ClInclude>
    <ClInclude Include="decompile\space.hh">
      <Filter>Header Files\Core</Filter>
    </ClInclude>
    <ClInclude Include="decompile\float.hh">
      <Filter>Header Files\Core</Filter>
    </ClInclude>
    <ClInclude Include="decompile\pcoderaw.hh">
      <Filter>Header Files\Core</Filter>
    </ClInclude>
    <ClInclude Include="decompile\translate.hh">
      <Filter>Header Files\Core</Filter>
    </ClInclude>
    <ClInclude Include="decompile\opcodes.hh">
      <Filter>Header Files\Core</Filter>
    </ClInclude>
    <ClInclude Include="decompile\globalcontext.hh">
      <Filter>Header Files\Core</Filter>
    </ClInclude>
    <ClInclude Include="decompile\loadimage.hh">
      <Filter>Header Files\LibSLA</Filter>
    </ClInclude>
    <ClInclude Include="decompile\memstate.hh">
      <Filter>Header Files\LibSLA</Filter>
    </ClInclude>
    <ClInclude Include="decompile\opbehavior.hh">
      <Filter>Header Files\LibSLA</Filter>
    </ClInclude>
    <ClInclude Include="decompile\emulate.hh">
      <Filter>Header Files\LibSLA</Filter>
    </ClInclude>
    <ClInclude Include="decompile\types.h">
      <Filter>Header Files\LibSLA</Filter>
    </ClInclude>
    <ClInclude Include="decompile\partmap.hh">
      <Filter>Header Files\LibSLA</Filter>
    </ClInclude>
    <ClInclude Include="decompile\error.hh">
      <Filter>Header Files\LibSLA</Filter>
    </ClInclude>
    <ClInclude Include="jsoncpp\src\lib_json\json_tool.h">
      <Filter>Header Files\JsonCpp</Filter>
    </ClInclude>
    <ClInclude Include="address.hh">
      <Filter>Header Files</Filter>
    </ClInclude>
    <ClInclude Include="decompile\pcodeparse.tab.h">
      <Filter>Header Files\Sleigh</Filter>
    </ClInclude>
    <ClInclude Include="sleighinterface.h">
      <Filter>Header Files</Filter>
    </ClInclude>
  </ItemGroup>
  <ItemGroup>
    <ClCompile Include="idaplugin.cpp">
      <Filter>Source Files</Filter>
    </ClCompile>
    <ClCompile Include="code_viewer.cpp">
      <Filter>Source Files</Filter>
    </ClCompile>
    <ClCompile Include="config_generator.cpp">
      <Filter>Source Files</Filter>
    </ClCompile>
    <ClCompile Include="decompiler.cpp">
      <Filter>Source Files</Filter>
    </ClCompile>
    <ClCompile Include="defs.cpp">
      <Filter>Source Files</Filter>
    </ClCompile>
    <ClCompile Include="plugin_config.cpp">
      <Filter>Source Files</Filter>
    </ClCompile>
    <ClCompile Include="sleighinterface.cpp">
      <Filter>Source Files</Filter>
    </ClCompile>
    <ClCompile Include="retdec\src\utils\address.cpp">
      <Filter>Source Files\RetDecUtils</Filter>
    </ClCompile>
    <ClCompile Include="retdec\src\utils\alignment.cpp">
      <Filter>Source Files\RetDecUtils</Filter>
    </ClCompile>
    <ClCompile Include="retdec\src\utils\binary_path.cpp">
      <Filter>Source Files\RetDecUtils</Filter>
    </ClCompile>
    <ClCompile Include="retdec\src\utils\byte_value_storage.cpp">
      <Filter>Source Files\RetDecUtils</Filter>
    </ClCompile>
    <ClCompile Include="retdec\src\utils\conversion.cpp">
      <Filter>Source Files\RetDecUtils</Filter>
    </ClCompile>
    <ClCompile Include="retdec\src\utils\dynamic_buffer.cpp">
      <Filter>Source Files\RetDecUtils</Filter>
    </ClCompile>
    <ClCompile Include="retdec\src\utils\file_io.cpp">
      <Filter>Source Files\RetDecUtils</Filter>
    </ClCompile>
    <ClCompile Include="retdec\src\utils\filesystem_path.cpp">
      <Filter>Source Files\RetDecUtils</Filter>
    </ClCompile>
    <ClCompile Include="retdec\src\utils\math.cpp">
      <Filter>Source Files\RetDecUtils</Filter>
    </ClCompile>
    <ClCompile Include="retdec\src\utils\memory.cpp">
      <Filter>Source Files\RetDecUtils</Filter>
    </ClCompile>
    <ClCompile Include="retdec\src\utils\string.cpp">
      <Filter>Source Files\RetDecUtils</Filter>
    </ClCompile>
    <ClCompile Include="retdec\src\utils\system.cpp">
      <Filter>Source Files\RetDecUtils</Filter>
    </ClCompile>
    <ClCompile Include="retdec\src\utils\time.cpp">
      <Filter>Source Files\RetDecUtils</Filter>
    </ClCompile>
    <ClCompile Include="retdec\src\config\architecture.cpp">
      <Filter>Source Files\RetDecConfig</Filter>
    </ClCompile>
    <ClCompile Include="retdec\src\config\calling_convention.cpp">
      <Filter>Source Files\RetDecConfig</Filter>
    </ClCompile>
    <ClCompile Include="retdec\src\config\base.cpp">
      <Filter>Source Files\RetDecConfig</Filter>
    </ClCompile>
    <ClCompile Include="retdec\src\config\classes.cpp">
      <Filter>Source Files\RetDecConfig</Filter>
    </ClCompile>
    <ClCompile Include="retdec\src\config\config.cpp">
      <Filter>Source Files\RetDecConfig</Filter>
    </ClCompile>
    <ClCompile Include="retdec\src\config\file_format.cpp">
      <Filter>Source Files\RetDecConfig</Filter>
    </ClCompile>
    <ClCompile Include="retdec\src\config\file_type.cpp">
      <Filter>Source Files\RetDecConfig</Filter>
    </ClCompile>
    <ClCompile Include="retdec\src\config\functions.cpp">
      <Filter>Source Files\RetDecConfig</Filter>
    </ClCompile>
    <ClCompile Include="retdec\src\config\language.cpp">
      <Filter>Source Files\RetDecConfig</Filter>
    </ClCompile>
    <ClCompile Include="retdec\src\config\objects.cpp">
      <Filter>Source Files\RetDecConfig</Filter>
    </ClCompile>
    <ClCompile Include="retdec\src\config\parameters.cpp">
      <Filter>Source Files\RetDecConfig</Filter>
    </ClCompile>
    <ClCompile Include="retdec\src\config\patterns.cpp">
      <Filter>Source Files\RetDecConfig</Filter>
    </ClCompile>
    <ClCompile Include="retdec\src\config\segments.cpp">
      <Filter>Source Files\RetDecConfig</Filter>
    </ClCompile>
    <ClCompile Include="retdec\src\config\storage.cpp">
      <Filter>Source Files\RetDecConfig</Filter>
    </ClCompile>
    <ClCompile Include="retdec\src\config\tool_info.cpp">
      <Filter>Source Files\RetDecConfig</Filter>
    </ClCompile>
    <ClCompile Include="retdec\src\config\types.cpp">
      <Filter>Source Files\RetDecConfig</Filter>
    </ClCompile>
    <ClCompile Include="retdec\src\config\vtables.cpp">
      <Filter>Source Files\RetDecConfig</Filter>
    </ClCompile>
    <ClCompile Include="whereami\whereami.c">
      <Filter>Source Files\whereami</Filter>
    </ClCompile>
    <ClCompile Include="decompile\sleigh.cc">
      <Filter>Source Files\Sleigh</Filter>
    </ClCompile>
    <ClCompile Include="decompile\pcodeparse.tab.cpp">
      <Filter>Source Files\Sleigh</Filter>
    </ClCompile>
    <ClCompile Include="decompile\pcodecompile.cc">
      <Filter>Source Files\Sleigh</Filter>
    </ClCompile>
    <ClCompile Include="decompile\sleighbase.cc">
      <Filter>Source Files\Sleigh</Filter>
    </ClCompile>
    <ClCompile Include="decompile\slghsymbol.cc">
      <Filter>Source Files\Sleigh</Filter>
    </ClCompile>
    <ClCompile Include="decompile\slghpatexpress.cc">
      <Filter>Source Files\Sleigh</Filter>
    </ClCompile>
    <ClCompile Include="decompile\slghpattern.cc">
      <Filter>Source Files\Sleigh</Filter>
    </ClCompile>
    <ClCompile Include="decompile\semantics.cc">
      <Filter>Source Files\Sleigh</Filter>
    </ClCompile>
    <ClCompile Include="decompile\context.cc">
      <Filter>Source Files\Sleigh</Filter>
    </ClCompile>
    <ClCompile Include="decompile\filemanage.cc">
      <Filter>Source Files\Sleigh</Filter>
    </ClCompile>
    <ClCompile Include="decompile\xml.tab.cpp">
      <Filter>Source Files\Core</Filter>
    </ClCompile>
    <ClCompile Include="decompile\space.cc">
      <Filter>Source Files\Core</Filter>
    </ClCompile>
    <ClCompile Include="decompile\float.cc">
      <Filter>Source Files\Core</Filter>
    </ClCompile>
    <ClCompile Include="decompile\address.cc">
      <Filter>Source Files\Core</Filter>
    </ClCompile>
    <ClCompile Include="decompile\pcoderaw.cc">
      <Filter>Source Files\Core</Filter>
    </ClCompile>
    <ClCompile Include="decompile\translate.cc">
      <Filter>Source Files\Core</Filter>
    </ClCompile>
    <ClCompile Include="decompile\opcodes.cc">
      <Filter>Source Files\Core</Filter>
    </ClCompile>
    <ClCompile Include="decompile\globalcontext.cc">
      <Filter>Source Files\Core</Filter>
    </ClCompile>
    <ClCompile Include="decompile\loadimage.cc">
      <Filter>Source Files\LibSLA</Filter>
    </ClCompile>
    <ClCompile Include="decompile\memstate.cc">
      <Filter>Source Files\LibSLA</Filter>
    </ClCompile>
    <ClCompile Include="decompile\opbehavior.cc">
      <Filter>Source Files\LibSLA</Filter>
    </ClCompile>
    <ClCompile Include="decompile\emulate.cc">
      <Filter>Source Files\LibSLA</Filter>
    </ClCompile>
    <ClCompile Include="jsoncpp\src\lib_json\json_value.cpp">
      <Filter>Source Files\JsonCpp</Filter>
    </ClCompile>
    <ClCompile Include="jsoncpp\src\lib_json\json_writer.cpp">
      <Filter>Source Files\JsonCpp</Filter>
    </ClCompile>
    <ClCompile Include="jsoncpp\src\lib_json\json_reader.cpp">
      <Filter>Source Files\JsonCpp</Filter>
    </ClCompile>
  </ItemGroup>
  <ItemGroup>
    <Bison Include="decompile\pcodeparse.y" />
    <Bison Include="decompile\xml.y" />
  </ItemGroup>
</Project>