
Microsoft Visual Studio Solution File, Format Version 12.00
# Visual Studio Version 16
VisualStudioVersion = 16.0.29009.5
MinimumVisualStudioVersion = 10.0.40219.1
Project("{8BC9CEB8-8B4A-11D0-8D11-00A0C91BC942}") = "GhidraDec", "GhidraDec.vcxproj", "{F5B8BA79-7D24-47E2-B700-9E6E53997AEF}"
EndProject
Project("{8BC9CEB8-8B4A-11D0-8D11-00A0C91BC942}") = "GhidraDecIface", "GhidraDecIface.vcxproj", "{AC1BAB6D-F66A-4CD1-A743-A4883ED8830C}"
EndProject
Project("{8BC9CEB8-8B4A-11D0-8D11-00A0C91BC942}") = "Ghidra", "Ghidra\Ghidra.vcxproj", "{FBC85CDD-37C5-44EF-9085-50E616D5A1B3}"
EndProject
Global
	GlobalSection(SolutionConfigurationPlatforms) = preSolution
		Debug|Win32 = Debug|Win32
		Debug|x64 = Debug|x64
		Debug|x86 = Debug|x86
		Debug32EA|Win32 = Debug32EA|Win32
		Debug32EA|x64 = Debug32EA|x64
		Debug32EA|x86 = Debug32EA|x86
		Release|Win32 = Release|Win32
		Release|x64 = Release|x64
		Release|x86 = Release|x86
		Release32EA|Win32 = Release32EA|Win32
		Release32EA|x64 = Release32EA|x64
		Release32EA|x86 = Release32EA|x86
	EndGlobalSection
	GlobalSection(ProjectConfigurationPlatforms) = postSolution
		{F5B8BA79-7D24-47E2-B700-9E6E53997AEF}.Debug|Win32.ActiveCfg = Debug|Win32
		{F5B8BA79-7D24-47E2-B700-9E6E53997AEF}.Debug|Win32.Build.0 = Debug|Win32
		{F5B8BA79-7D24-47E2-B700-9E6E53997AEF}.Debug|x64.ActiveCfg = Debug|x64
		{F5B8BA79-7D24-47E2-B700-9E6E53997AEF}.Debug|x64.Build.0 = Debug|x64
		{F5B8BA79-7D24-47E2-B700-9E6E53997AEF}.Debug|x86.ActiveCfg = Debug|x64
		{F5B8BA79-7D24-47E2-B700-9E6E53997AEF}.Debug32EA|Win32.ActiveCfg = Debug32EA|Win32
		{F5B8BA79-7D24-47E2-B700-9E6E53997AEF}.Debug32EA|Win32.Build.0 = Debug32EA|Win32
		{F5B8BA79-7D24-47E2-B700-9E6E53997AEF}.Debug32EA|x64.ActiveCfg = Debug32EA|x64
		{F5B8BA79-7D24-47E2-B700-9E6E53997AEF}.Debug32EA|x64.Build.0 = Debug32EA|x64
		{F5B8BA79-7D24-47E2-B700-9E6E53997AEF}.Debug32EA|x86.ActiveCfg = Debug32EA|x64
		{F5B8BA79-7D24-47E2-B700-9E6E53997AEF}.Release|Win32.ActiveCfg = Release|Win32
		{F5B8BA79-7D24-47E2-B700-9E6E53997AEF}.Release|Win32.Build.0 = Release|Win32
		{F5B8BA79-7D24-47E2-B700-9E6E53997AEF}.Release|x64.ActiveCfg = Release|x64
		{F5B8BA79-7D24-47E2-B700-9E6E53997AEF}.Release|x64.Build.0 = Release|x64
		{F5B8BA79-7D24-47E2-B700-9E6E53997AEF}.Release|x86.ActiveCfg = Release|x64
		{F5B8BA79-7D24-47E2-B700-9E6E53997AEF}.Release32EA|Win32.ActiveCfg = Release32EA|Win32
		{F5B8BA79-7D24-47E2-B700-9E6E53997AEF}.Release32EA|Win32.Build.0 = Release32EA|Win32
		{F5B8BA79-7D24-47E2-B700-9E6E53997AEF}.Release32EA|x64.ActiveCfg = Release32EA|x64
		{F5B8BA79-7D24-47E2-B700-9E6E53997AEF}.Release32EA|x64.Build.0 = Release32EA|x64
		{F5B8BA79-7D24-47E2-B700-9E6E53997AEF}.Release32EA|x86.ActiveCfg = Release32EA|x64
		{AC1BAB6D-F66A-4CD1-A743-A4883ED8830C}.Debug|Win32.ActiveCfg = Debug|Win32
		{AC1BAB6D-F66A-4CD1-A743-A4883ED8830C}.Debug|Win32.Build.0 = Debug|Win32
		{AC1BAB6D-F66A-4CD1-A743-A4883ED8830C}.Debug|x64.ActiveCfg = Debug|x64
		{AC1BAB6D-F66A-4CD1-A743-A4883ED8830C}.Debug|x64.Build.0 = Debug|x64
		{AC1BAB6D-F66A-4CD1-A743-A4883ED8830C}.Debug|x86.ActiveCfg = Debug|Win32
		{AC1BAB6D-F66A-4CD1-A743-A4883ED8830C}.Debug|x86.Build.0 = Debug|Win32
		{AC1BAB6D-F66A-4CD1-A743-A4883ED8830C}.Debug32EA|Win32.ActiveCfg = Debug|Win32
		{AC1BAB6D-F66A-4CD1-A743-A4883ED8830C}.Debug32EA|Win32.Build.0 = Debug|Win32
		{AC1BAB6D-F66A-4CD1-A743-A4883ED8830C}.Debug32EA|x64.ActiveCfg = Debug|x64
		{AC1BAB6D-F66A-4CD1-A743-A4883ED8830C}.Debug32EA|x64.Build.0 = Debug|x64
		{AC1BAB6D-F66A-4CD1-A743-A4883ED8830C}.Debug32EA|x86.ActiveCfg = Debug|Win32
		{AC1BAB6D-F66A-4CD1-A743-A4883ED8830C}.Debug32EA|x86.Build.0 = Debug|Win32
		{AC1BAB6D-F66A-4CD1-A743-A4883ED8830C}.Release|Win32.ActiveCfg = Release|Win32
		{AC1BAB6D-F66A-4CD1-A743-A4883ED8830C}.Release|Win32.Build.0 = Release|Win32
		{AC1BAB6D-F66A-4CD1-A743-A4883ED8830C}.Release|x64.ActiveCfg = Release|x64
		{AC1BAB6D-F66A-4CD1-A743-A4883ED8830C}.Release|x64.Build.0 = Release|x64
		{AC1BAB6D-F66A-4CD1-A743-A4883ED8830C}.Release|x86.ActiveCfg = Release|Win32
		{AC1BAB6D-F66A-4CD1-A743-A4883ED8830C}.Release|x86.Build.0 = Release|Win32
		{AC1BAB6D-F66A-4CD1-A743-A4883ED8830C}.Release32EA|Win32.ActiveCfg = Release|Win32
		{AC1BAB6D-F66A-4CD1-A743-A4883ED8830C}.Release32EA|Win32.Build.0 = Release|Win32
		{AC1BAB6D-F66A-4CD1-A743-A4883ED8830C}.Release32EA|x64.ActiveCfg = Release|x64
		{AC1BAB6D-F66A-4CD1-A743-A4883ED8830C}.Release32EA|x64.Build.0 = Release|x64
		{AC1BAB6D-F66A-4CD1-A743-A4883ED8830C}.Release32EA|x86.ActiveCfg = Release|Win32
		{AC1BAB6D-F66A-4CD1-A743-A4883ED8830C}.Release32EA|x86.Build.0 = Release|Win32
		{FBC85CDD-37C5-44EF-9085-50E616D5A1B3}.Debug|Win32.ActiveCfg = Debug|Win32
		{FBC85CDD-37C5-44EF-9085-50E616D5A1B3}.Debug|Win32.Build.0 = Debug|Win32
		{FBC85CDD-37C5-44EF-9085-50E616D5A1B3}.Debug|x64.ActiveCfg = Debug|x64
		{FBC85CDD-37C5-44EF-9085-50E616D5A1B3}.Debug|x64.Build.0 = Debug|x64
		{FBC85CDD-37C5-44EF-9085-50E616D5A1B3}.Debug|x86.ActiveCfg = Debug|Win32
		{FBC85CDD-37C5-44EF-9085-50E616D5A1B3}.Debug|x86.Build.0 = Debug|Win32
		{FBC85CDD-37C5-44EF-9085-50E616D5A1B3}.Debug32EA|Win32.ActiveCfg = Debug|Win32
		{FBC85CDD-37C5-44EF-9085-50E616D5A1B3}.Debug32EA|Win32.Build.0 = Debug|Win32
		{FBC85CDD-37C5-44EF-9085-50E616D5A1B3}.Debug32EA|x64.ActiveCfg = Debug|x64
		{FBC85CDD-37C5-44EF-9085-50E616D5A1B3}.Debug32EA|x64.Build.0 = Debug|x64
		{FBC85CDD-37C5-44EF-9085-50E616D5A1B3}.Debug32EA|x86.ActiveCfg = Debug|Win32
		{FBC85CDD-37C5-44EF-9085-50E616D5A1B3}.Debug32EA|x86.Build.0 = Debug|Win32
		{FBC85CDD-37C5-44EF-9085-50E616D5A1B3}.Release|Win32.ActiveCfg = Release|Win32
		{FBC85CDD-37C5-44EF-9085-50E616D5A1B3}.Release|Win32.Build.0 = Release|Win32
		{FBC85CDD-37C5-44EF-9085-50E616D5A1B3}.Release|x64.ActiveCfg = Release|x64
		{FBC85CDD-37C5-44EF-9085-50E616D5A1B3}.Release|x64.Build.0 = Release|x64
		{FBC85CDD-37C5-44EF-9085-50E616D5A1B3}.Release|x86.ActiveCfg = Release|Win32
		{FBC85CDD-37C5-44EF-9085-50E616D5A1B3}.Release|x86.Build.0 = Release|Win32
		{FBC85CDD-37C5-44EF-9085-50E616D5A1B3}.Release32EA|Win32.ActiveCfg = Release|Win32
		{FBC85CDD-37C5-44EF-9085-50E616D5A1B3}.Release32EA|Win32.Build.0 = Release|Win32
		{FBC85CDD-37C5-44EF-9085-50E616D5A1B3}.Release32EA|x64.ActiveCfg = Release|x64
		{FBC85CDD-37C5-44EF-9085-50E616D5A1B3}.Release32EA|x64.Build.0 = Release|x64
		{FBC85CDD-37C5-44EF-9085-50E616D5A1B3}.Release32EA|x86.ActiveCfg = Release|Win32
		{FBC85CDD-37C5-44EF-9085-50E616D5A1B3}.Release32EA|x86.Build.0 = Release|Win32
	EndGlobalSection
	GlobalSection(SolutionProperties) = preSolution
		HideSolutionNode = FALSE
	EndGlobalSection
	GlobalSection(ExtensibilityGlobals) = postSolution
		SolutionGuid = {141E0E65-354C-424F-AB83-61BD134B7733}
	EndGlobalSection
EndGlobal
